
Microsoft Visual Studio Solution File, Format Version 12.00
# Visual Studio Version 16
VisualStudioVersion = 16.0.29509.3
MinimumVisualStudioVersion = 10.0.40219.1
Project("{FAE04EC0-301F-11D3-BF4B-00C04F79EFBC}") = "TrackerLibrary", "TrackerLibrary\TrackerLibrary.csproj", "{F63E0474-EDA1-427B-9E05-CC2A78F1581B}"
EndProject
Global
	GlobalSection(SolutionConfigurationPlatforms) = preSolution
		Debug|Any CPU = Debug|Any CPU
		Release|Any CPU = Release|Any CPU
	EndGlobalSection
	GlobalSection(ProjectConfigurationPlatforms) = postSolution
		{F63E0474-EDA1-427B-9E05-CC2A78F1581B}.Debug|Any CPU.ActiveCfg = Debug|Any CPU
		{F63E0474-EDA1-427B-9E05-CC2A78F1581B}.Debug|Any CPU.Build.0 = Debug|Any CPU
		{F63E0474-EDA1-427B-9E05-CC2A78F1581B}.Release|Any CPU.ActiveCfg = Release|Any CPU
		{F63E0474-EDA1-427B-9E05-CC2A78F1581B}.Release|Any CPU.Build.0 = Release|Any CPU
	EndGlobalSection
	GlobalSection(SolutionProperties) = preSolution
		HideSolutionNode = FALSE
	EndGlobalSection
	GlobalSection(ExtensibilityGlobals) = postSolution
		SolutionGuid = {A311ABB6-D35D-4B84-8FF2-E38E804ACF09}
	EndGlobalSection
EndGlobal
